// !$*UTF8*$!
{
	archiveVersion = 1;
	classes = {
	};
	objectVersion = 46;
	objects = {

/* Begin PBXBuildFile section */
		1B207FCE1C73E831004C6537 /* AppSB.storyboard in Resources */ = {isa = PBXBuildFile; fileRef = 1B207FCD1C73E831004C6537 /* AppSB.storyboard */; };
		1B207FD31C73EC79004C6537 /* New.storyboard in Resources */ = {isa = PBXBuildFile; fileRef = 1B207FD11C73EC79004C6537 /* New.storyboard */; };
		1B44B97A1C6E3DBD00115991 /* AppDelegate.swift in Sources */ = {isa = PBXBuildFile; fileRef = 1B44B9791C6E3DBD00115991 /* AppDelegate.swift */; };
		1B44B97C1C6E3DBD00115991 /* ViewController.swift in Sources */ = {isa = PBXBuildFile; fileRef = 1B44B97B1C6E3DBD00115991 /* ViewController.swift */; };
		1B44B97F1C6E3DBD00115991 /* Main.storyboard in Resources */ = {isa = PBXBuildFile; fileRef = 1B44B97D1C6E3DBD00115991 /* Main.storyboard */; };
		1B44B9811C6E3DBD00115991 /* Assets.xcassets in Resources */ = {isa = PBXBuildFile; fileRef = 1B44B9801C6E3DBD00115991 /* Assets.xcassets */; };
		1B44B9841C6E3DBD00115991 /* LaunchScreen.storyboard in Resources */ = {isa = PBXBuildFile; fileRef = 1B44B9821C6E3DBD00115991 /* LaunchScreen.storyboard */; };
		1B44B98D1C6E66AD00115991 /* ProductViewController.swift in Sources */ = {isa = PBXBuildFile; fileRef = 1B44B98B1C6E49E900115991 /* ProductViewController.swift */; };
		1B8FFB491C6E7D9100C8C916 /* ContactViewController.swift in Sources */ = {isa = PBXBuildFile; fileRef = 1B8FFB481C6E7D9100C8C916 /* ContactViewController.swift */; };
/* End PBXBuildFile section */

/* Begin PBXFileReference section */
		1B207FCD1C73E831004C6537 /* AppSB.storyboard */ = {isa = PBXFileReference; fileEncoding = 4; lastKnownFileType = file.storyboard; path = AppSB.storyboard; sourceTree = "<group>"; };
		1B207FD21C73EC79004C6537 /* Base */ = {isa = PBXFileReference; lastKnownFileType = file.storyboard; name = Base; path = Base.lproj/New.storyboard; sourceTree = "<group>"; };
		1B44B9761C6E3DBD00115991 /* GoodAsOldPhones.app */ = {isa = PBXFileReference; explicitFileType = wrapper.application; includeInIndex = 0; path = GoodAsOldPhones.app; sourceTree = BUILT_PRODUCTS_DIR; };
		1B44B9791C6E3DBD00115991 /* AppDelegate.swift */ = {isa = PBXFileReference; lastKnownFileType = sourcecode.swift; path = AppDelegate.swift; sourceTree = "<group>"; };
		1B44B97B1C6E3DBD00115991 /* ViewController.swift */ = {isa = PBXFileReference; lastKnownFileType = sourcecode.swift; path = ViewController.swift; sourceTree = "<group>"; };
		1B44B97E1C6E3DBD00115991 /* Base */ = {isa = PBXFileReference; lastKnownFileType = file.storyboard; name = Base; path = Base.lproj/Main.storyboard; sourceTree = "<group>"; };
		1B44B9801C6E3DBD00115991 /* Assets.xcassets */ = {isa = PBXFileReference; lastKnownFileType = folder.assetcatalog; path = Assets.xcassets; sourceTree = "<group>"; };
		1B44B9831C6E3DBD00115991 /* Base */ = {isa = PBXFileReference; lastKnownFileType = file.storyboard; name = Base; path = Base.lproj/LaunchScreen.storyboard; sourceTree = "<group>"; };
		1B44B9851C6E3DBD00115991 /* Info.plist */ = {isa = PBXFileReference; lastKnownFileType = text.plist.xml; path = Info.plist; sourceTree = "<group>"; };
		1B44B98B1C6E49E900115991 /* ProductViewController.swift */ = {isa = PBXFileReference; fileEncoding = 4; lastKnownFileType = sourcecode.swift; path = ProductViewController.swift; sourceTree = "<group>"; };
		1B44B98E1C6E6D9800115991 /* en */ = {isa = PBXFileReference; lastKnownFileType = file.storyboard; name = en; path = en.lproj/Main.storyboard; sourceTree = "<group>"; };
		1B8FFB481C6E7D9100C8C916 /* ContactViewController.swift */ = {isa = PBXFileReference; fileEncoding = 4; lastKnownFileType = sourcecode.swift; path = ContactViewController.swift; sourceTree = "<group>"; };
/* End PBXFileReference section */

/* Begin PBXFrameworksBuildPhase section */
		1B44B9731C6E3DBC00115991 /* Frameworks */ = {
			isa = PBXFrameworksBuildPhase;
			buildActionMask = 2147483647;
			files = (
			);
			runOnlyForDeploymentPostprocessing = 0;
		};
/* End PBXFrameworksBuildPhase section */

/* Begin PBXGroup section */
		1B44B96D1C6E3DBC00115991 = {
			isa = PBXGroup;
			children = (
				1B207FCD1C73E831004C6537 /* AppSB.storyboard */,
				1B44B9781C6E3DBD00115991 /* GoodAsOldPhones */,
				1B44B9771C6E3DBD00115991 /* Products */,
			);
			sourceTree = "<group>";
		};
		1B44B9771C6E3DBD00115991 /* Products */ = {
			isa = PBXGroup;
			children = (
				1B44B9761C6E3DBD00115991 /* GoodAsOldPhones.app */,
			);
			name = Products;
			sourceTree = "<group>";
		};
		1B44B9781C6E3DBD00115991 /* GoodAsOldPhones */ = {
			isa = PBXGroup;
			children = (
				1B44B9791C6E3DBD00115991 /* AppDelegate.swift */,
				1B44B97B1C6E3DBD00115991 /* ViewController.swift */,
				1B44B9801C6E3DBD00115991 /* Assets.xcassets */,
				1B44B9821C6E3DBD00115991 /* LaunchScreen.storyboard */,
				1B44B9851C6E3DBD00115991 /* Info.plist */,
				1B44B98B1C6E49E900115991 /* ProductViewController.swift */,
				1B8FFB481C6E7D9100C8C916 /* ContactViewController.swift */,
				1B44B97D1C6E3DBD00115991 /* Main.storyboard */,
				1B207FD11C73EC79004C6537 /* New.storyboard */,
			);
			path = GoodAsOldPhones;
			sourceTree = "<group>";
		};
/* End PBXGroup section */

/* Begin PBXNativeTarget section */
		1B44B9751C6E3DBC00115991 /* GoodAsOldPhones */ = {
			isa = PBXNativeTarget;
			buildConfigurationList = 1B44B9881C6E3DBD00115991 /* Build configuration list for PBXNativeTarget "GoodAsOldPhones" */;
			buildPhases = (
				1B44B9721C6E3DBC00115991 /* Sources */,
				1B44B9731C6E3DBC00115991 /* Frameworks */,
				1B44B9741C6E3DBC00115991 /* Resources */,
			);
			buildRules = (
			);
			dependencies = (
			);
			name = GoodAsOldPhones;
			productName = GoodAsOldPhones;
			productReference = 1B44B9761C6E3DBD00115991 /* GoodAsOldPhones.app */;
			productType = "com.apple.product-type.application";
		};
/* End PBXNativeTarget section */

/* Begin PBXProject section */
		1B44B96E1C6E3DBC00115991 /* Project object */ = {
			isa = PBXProject;
			attributes = {
				LastSwiftUpdateCheck = 0710;
				LastUpgradeCheck = 0710;
				ORGANIZATIONNAME = "Zou,Jeffery H";
				TargetAttributes = {
					1B44B9751C6E3DBC00115991 = {
						CreatedOnToolsVersion = 7.1.1;
					};
				};
			};
			buildConfigurationList = 1B44B9711C6E3DBC00115991 /* Build configuration list for PBXProject "GoodAsOldPhones" */;
			compatibilityVersion = "Xcode 3.2";
			developmentRegion = English;
			hasScannedForEncodings = 0;
			knownRegions = (
				en,
				Base,
			);
			mainGroup = 1B44B96D1C6E3DBC00115991;
			productRefGroup = 1B44B9771C6E3DBD00115991 /* Products */;
			projectDirPath = "";
			projectRoot = "";
			targets = (
				1B44B9751C6E3DBC00115991 /* GoodAsOldPhones */,
			);
		};
/* End PBXProject section */

/* Begin PBXResourcesBuildPhase section */
		1B44B9741C6E3DBC00115991 /* Resources */ = {
			isa = PBXResourcesBuildPhase;
			buildActionMask = 2147483647;
			files = (
				1B44B9841C6E3DBD00115991 /* LaunchScreen.storyboard in Resources */,
				1B207FCE1C73E831004C6537 /* AppSB.storyboard in Resources */,
				1B44B9811C6E3DBD00115991 /* Assets.xcassets in Resources */,
				1B44B97F1C6E3DBD00115991 /* Main.storyboard in Resources */,
				1B207FD31C73EC79004C6537 /* New.storyboard in Resources */,
			);
			runOnlyForDeploymentPostprocessing = 0;
		};
/* End PBXResourcesBuildPhase section */

/* Begin PBXSourcesBuildPhase section */
		1B44B9721C6E3DBC00115991 /* Sources */ = {
			isa = PBXSourcesBuildPhase;
			buildActionMask = 2147483647;
			files = (
				1B44B98D1C6E66AD00115991 /* ProductViewController.swift in Sources */,
				1B8FFB491C6E7D9100C8C916 /* ContactViewController.swift in Sources */,
				1B44B97C1C6E3DBD00115991 /* ViewController.swift in Sources */,
				1B44B97A1C6E3DBD00115991 /* AppDelegate.swift in Sources */,
			);
			runOnlyForDeploymentPostprocessing = 0;
		};
/* End PBXSourcesBuildPhase section */

/* Begin PBXVariantGroup section */
		1B207FD11C73EC79004C6537 /* New.storyboard */ = {
			isa = PBXVariantGroup;
			children = (
				1B207FD21C73EC79004C6537 /* Base */,
			);
			name = New.storyboard;
			sourceTree = "<group>";
		};
		1B44B97D1C6E3DBD00115991 /* Main.storyboard */ = {
			isa = PBXVariantGroup;
			children = (
				1B44B97E1C6E3DBD00115991 /* Base */,
				1B44B98E1C6E6D9800115991 /* en */,
			);
			name = Main.storyboard;
			sourceTree = "<group>";
		};
		1B44B9821C6E3DBD00115991 /* LaunchScreen.storyboard */ = {
			isa = PBXVariantGroup;
			children = (
				1B44B9831C6E3DBD00115991 /* Base */,
			);
			name = LaunchScreen.storyboard;
			sourceTree = "<group>";
		};
/* End PBXVariantGroup section */

/* Begin XCBuildConfiguration section */
		1B44B9861C6E3DBD00115991 /* Debug */ = {
			isa = XCBuildConfiguration;
			buildSettings = {
				ALWAYS_SEARCH_USER_PATHS = NO;
				CLANG_CXX_LANGUAGE_STANDARD = "gnu++0x";
				CLANG_CXX_LIBRARY = "libc++";
				CLANG_ENABLE_MODULES = YES;
				CLANG_ENABLE_OBJC_ARC = YES;
				CLANG_WARN_BOOL_CONVERSION = YES;
				CLANG_WARN_CONSTANT_CONVERSION = YES;
				CLANG_WARN_DIRECT_OBJC_ISA_USAGE = YES_ERROR;
				CLANG_WARN_EMPTY_BODY = YES;
				CLANG_WARN_ENUM_CONVERSION = YES;
				CLANG_WARN_INT_CONVERSION = YES;
				CLANG_WARN_OBJC_ROOT_CLASS = YES_ERROR;
				CLANG_WARN_UNREACHABLE_CODE = YES;
				CLANG_WARN__DUPLICATE_METHOD_MATCH = YES;
				"CODE_SIGN_IDENTITY[sdk=iphoneos*]" = "iPhone Developer";
				COPY_PHASE_STRIP = NO;
				DEBUG_INFORMATION_FORMAT = dwarf;
				ENABLE_STRICT_OBJC_MSGSEND = YES;
				ENABLE_TESTABILITY = YES;
				GCC_C_LANGUAGE_STANDARD = gnu99;
				GCC_DYNAMIC_NO_PIC = NO;
				GCC_NO_COMMON_BLOCKS = YES;
				GCC_OPTIMIZATION_LEVEL = 0;
				GCC_PREPROCESSOR_DEFINITIONS = (
					"DEBUG=1",
					"$(inherited)",
				);
				GCC_WARN_64_TO_32_BIT_CONVERSION = YES;
				GCC_WARN_ABOUT_RETURN_TYPE = YES_ERROR;
				GCC_WARN_UNDECLARED_SELECTOR = YES;
				GCC_WARN_UNINITIALIZED_AUTOS = YES_AGGRESSIVE;
				GCC_WARN_UNUSED_FUNCTION = YES;
				GCC_WARN_UNUSED_VARIABLE = YES;
				IPHONEOS_DEPLOYMENT_TARGET = 9.1;
				MTL_ENABLE_DEBUG_INFO = YES;
				ONLY_ACTIVE_ARCH = YES;
				SDKROOT = iphoneos;
				SWIFT_OPTIMIZATION_LEVEL = "-Onone";
			};
			name = Debug;
		};
		1B44B9871C6E3DBD00115991 /* Release */ = {
			isa = XCBuildConfiguration;
			buildSettings = {
				ALWAYS_SEARCH_USER_PATHS = NO;
				CLANG_CXX_LANGUAGE_STANDARD = "gnu++0x";
				CLANG_CXX_LIBRARY = "libc++";
				CLANG_ENABLE_MODULES = YES;
				CLANG_ENABLE_OBJC_ARC = YES;
				CLANG_WARN_BOOL_CONVERSION = YES;
				CLANG_WARN_CONSTANT_CONVERSION = YES;
				CLANG_WARN_DIRECT_OBJC_ISA_USAGE = YES_ERROR;
				CLANG_WARN_EMPTY_BODY = YES;
				CLANG_WARN_ENUM_CONVERSION = YES;
				CLANG_WARN_INT_CONVERSION = YES;
				CLANG_WARN_OBJC_ROOT_CLASS = YES_ERROR;
				CLANG_WARN_UNREACHABLE_CODE = YES;
				CLANG_WARN__DUPLICATE_METHOD_MATCH = YES;
				"CODE_SIGN_IDENTITY[sdk=iphoneos*]" = "iPhone Developer";
				COPY_PHASE_STRIP = NO;
				DEBUG_INFORMATION_FORMAT = "dwarf-with-dsym";
				ENABLE_NS_ASSERTIONS = NO;
				ENABLE_STRICT_OBJC_MSGSEND = YES;
				GCC_C_LANGUAGE_STANDARD = gnu99;
				GCC_NO_COMMON_BLOCKS = YES;
				GCC_WARN_64_TO_32_BIT_CONVERSION = YES;
				GCC_WARN_ABOUT_RETURN_TYPE = YES_ERROR;
				GCC_WARN_UNDECLARED_SELECTOR = YES;
				GCC_WARN_UNINITIALIZED_AUTOS = YES_AGGRESSIVE;
				GCC_WARN_UNUSED_FUNCTION = YES;
				GCC_WARN_UNUSED_VARIABLE = YES;
				IPHONEOS_DEPLOYMENT_TARGET = 9.1;
				MTL_ENABLE_DEBUG_INFO = NO;
				SDKROOT = iphoneos;
				VALIDATE_PRODUCT = YES;
			};
			name = Release;
		};
		1B44B9891C6E3DBD00115991 /* Debug */ = {
			isa = XCBuildConfiguration;
			buildSettings = {
				ASSETCATALOG_COMPILER_APPICON_NAME = AppIcon;
				INFOPLIST_FILE = GoodAsOldPhones/Info.plist;
				LD_RUNPATH_SEARCH_PATHS = "$(inherited) @executable_path/Frameworks";
				PRODUCT_BUNDLE_IDENTIFIER = com.jefferyhzou.GoodAsOldPhones;
				PRODUCT_NAME = "$(TARGET_NAME)";
			};
			name = Debug;
		};
		1B44B98A1C6E3DBD00115991 /* Release */ = {
			isa = XCBuildConfiguration;
			buildSettings = {
				ASSETCATALOG_COMPILER_APPICON_NAME = AppIcon;
				INFOPLIST_FILE = GoodAsOldPhones/Info.plist;
				LD_RUNPATH_SEARCH_PATHS = "$(inherited) @executable_path/Frameworks";
				PRODUCT_BUNDLE_IDENTIFIER = com.jefferyhzou.GoodAsOldPhones;
				PRODUCT_NAME = "$(TARGET_NAME)";
			};
			name = Release;
		};
/* End XCBuildConfiguration section */

/* Begin XCConfigurationList section */
		1B44B9711C6E3DBC00115991 /* Build configuration list for PBXProject "GoodAsOldPhones" */ = {
			isa = XCConfigurationList;
			buildConfigurations = (
				1B44B9861C6E3DBD00115991 /* Debug */,
				1B44B9871C6E3DBD00115991 /* Release */,
			);
			defaultConfigurationIsVisible = 0;
			defaultConfigurationName = Release;
		};
		1B44B9881C6E3DBD00115991 /* Build configuration list for PBXNativeTarget "GoodAsOldPhones" */ = {
			isa = XCConfigurationList;
			buildConfigurations = (
				1B44B9891C6E3DBD00115991 /* Debug */,
				1B44B98A1C6E3DBD00115991 /* Release */,
			);
			defaultConfigurationIsVisible = 0;
			defaultConfigurationName = Release;
		};
/* End XCConfigurationList section */
	};
	rootObject = 1B44B96E1C6E3DBC00115991 /* Project object */;
}
